
Microsoft Visual Studio Solution File, Format Version 12.00
# Visual Studio Version 16
VisualStudioVersion = 16.0.29728.190
MinimumVisualStudioVersion = 10.0.40219.1
Project("{FAE04EC0-301F-11D3-BF4B-00C04F79EFBC}") = "c-sharp-tutorial-3", "c-sharp-tutorial-3\c-sharp-tutorial-3.csproj", "{873DDFBC-9506-456D-BFB2-05464C42CEAA}"
EndProject
Global
	GlobalSection(SolutionConfigurationPlatforms) = preSolution
		Debug|Any CPU = Debug|Any CPU
		Release|Any CPU = Release|Any CPU
	EndGlobalSection
	GlobalSection(ProjectConfigurationPlatforms) = postSolution
		{873DDFBC-9506-456D-BFB2-05464C42CEAA}.Debug|Any CPU.ActiveCfg = Debug|Any CPU
		{873DDFBC-9506-456D-BFB2-05464C42CEAA}.Debug|Any CPU.Build.0 = Debug|Any CPU
		{873DDFBC-9506-456D-BFB2-05464C42CEAA}.Release|Any CPU.ActiveCfg = Release|Any CPU
		{873DDFBC-9506-456D-BFB2-05464C42CEAA}.Release|Any CPU.Build.0 = Release|Any CPU
	EndGlobalSection
	GlobalSection(SolutionProperties) = preSolution
		HideSolutionNode = FALSE
	EndGlobalSection
	GlobalSection(ExtensibilityGlobals) = postSolution
		SolutionGuid = {2CE7B50F-6A08-4AD5-81FD-82555177E663}
	EndGlobalSection
EndGlobal
